# This file is autogenerated, do not edit; changes may be undone by the next 'dep ensure'.


[[projects]]
  name = "github.com/agtorre/gocolorize"
  packages = ["."]
  revision = "f42b554bf7f006936130c9bb4f971afd2d87f671"
  version = "v1.0.0"

[solve-meta]
  analyzer-name = "dep"
  analyzer-version = 1
  inputs-digest = "3d8b24b004522d925b78a2b15aaccdcc9348dd2b6e0f67682d7d5213fc241160"
  solver-name = "gps-cdcl"
  solver-version = 1
